{
  "name": "backend",
  "version": "1.0.0",
  "lockfileVersion": 3,
  "requires": true,
  "packages": {
    "": {
      "name": "backend",
      "version": "1.0.0",
      "dependencies": {
        "@alpinejs/persist": "^3.13.5",
        "alpinejs": "^3.13.5",
        "dropzone": "6.0.0-beta.2",
        "flatpickr": "^4.6.13",
        "nouislider": "^15.7.1"
      }
    },
    "node_modules/@alpinejs/persist": {
      "version": "3.13.5",
      "resolved": "https://registry.npmjs.org/@alpinejs/persist/-/persist-3.13.5.tgz",
      "integrity": "sha512-nmULi5Kp/v5/h4FtGpqyzzMPlulc2fmQ+Olhk0NwTcBKSCZDg6OtXgS998rnHpcWO0jsjCmvXn/Pul2av7D8lA=="
    },
    "node_modules/@swc/helpers": {
      "version": "0.2.14",
      "resolved": "https://registry.npmjs.org/@swc/helpers/-/helpers-0.2.14.tgz",
      "integrity": "sha512-wpCQMhf5p5GhNg2MmGKXzUNwxe7zRiCsmqYsamez2beP7mKPCSiu+BjZcdN95yYSzO857kr0VfQewmGpS77nqA=="
    },
    "node_modules/@vue/reactivity": {
      "version": "3.1.5",
      "resolved": "https://registry.npmjs.org/@vue/reactivity/-/reactivity-3.1.5.tgz",
      "integrity": "sha512-1tdfLmNjWG6t/CsPldh+foumYFo3cpyCHgBYQ34ylaMsJ+SNHQ1kApMIa8jN+i593zQuaw3AdWH0nJTARzCFhg==",
      "dependencies": {
        "@vue/shared": "3.1.5"
      }
    },
    "node_modules/@vue/shared": {
      "version": "3.1.5",
      "resolved": "https://registry.npmjs.org/@vue/shared/-/shared-3.1.5.tgz",
      "integrity": "sha512-oJ4F3TnvpXaQwZJNF3ZK+kLPHKarDmJjJ6jyzVNDKH9md1dptjC7lWR//jrGuLdek/U6iltWxqAnYOu8gCiOvA=="
    },
    "node_modules/alpinejs": {
      "version": "3.13.5",
      "resolved": "https://registry.npmjs.org/alpinejs/-/alpinejs-3.13.5.tgz",
      "integrity": "sha512-1d2XeNGN+Zn7j4mUAKXtAgdc4/rLeadyTMWeJGXF5DzwawPBxwTiBhFFm6w/Ei8eJxUZeyNWWSD9zknfdz1kEw==",
      "dependencies": {
        "@vue/reactivity": "~3.1.1"
      }
    },
    "node_modules/dropzone": {
      "version": "6.0.0-beta.2",
      "resolved": "https://registry.npmjs.org/dropzone/-/dropzone-6.0.0-beta.2.tgz",
      "integrity": "sha512-k44yLuFFhRk53M8zP71FaaNzJYIzr99SKmpbO/oZKNslDjNXQsBTdfLs+iONd0U0L94zzlFzRnFdqbLcs7h9fQ==",
      "dependencies": {
        "@swc/helpers": "^0.2.13",
        "just-extend": "^5.0.0"
      }
    },
    "node_modules/flatpickr": {
      "version": "4.6.13",
      "resolved": "https://registry.npmjs.org/flatpickr/-/flatpickr-4.6.13.tgz",
      "integrity": "sha512-97PMG/aywoYpB4IvbvUJi0RQi8vearvU0oov1WW3k0WZPBMrTQVqekSX5CjSG/M4Q3i6A/0FKXC7RyAoAUUSPw=="
    },
    "node_modules/just-extend": {
      "version": "5.1.1",
      "resolved": "https://registry.npmjs.org/just-extend/-/just-extend-5.1.1.tgz",
      "integrity": "sha512-b+z6yF1d4EOyDgylzQo5IminlUmzSeqR1hs/bzjBNjuGras4FXq/6TrzjxfN0j+TmI0ltJzTNlqXUMCniciwKQ=="
    },
    "node_modules/nouislider": {
      "version": "15.7.1",
      "resolved": "https://registry.npmjs.org/nouislider/-/nouislider-15.7.1.tgz",
      "integrity": "sha512-5N7C1ru/i8y3dg9+Z6ilj6+m1EfabvOoaRa7ztpxBSKKRZso4vA52DGSbBJjw5XLtFr/LZ9SgGAXqyVtlVHO5w=="
    }
  }
}
