lockfileVersion: '6.0'

settings:
  autoInstallPeers: true
  excludeLinksFromLockfile: false

dependencies:
  '@alpinejs/persist':
    specifier: ^3.13.5
    version: 3.13.5
  alpinejs:
    specifier: ^3.13.5
    version: 3.13.5
  dropzone:
    specifier: 6.0.0-beta.2
    version: 6.0.0-beta.2
  flatpickr:
    specifier: ^4.6.13
    version: 4.6.13
  nouislider:
    specifier: ^15.7.1
    version: 15.7.1

packages:

  /@alpinejs/persist@3.13.5:
    resolution: {integrity: sha512-nmULi5Kp/v5/h4FtGpqyzzMPlulc2fmQ+Olhk0NwTcBKSCZDg6OtXgS998rnHpcWO0jsjCmvXn/Pul2av7D8lA==}
    dev: false

  /@swc/helpers@0.2.14:
    resolution: {integrity: sha512-wpCQMhf5p5GhNg2MmGKXzUNwxe7zRiCsmqYsamez2beP7mKPCSiu+BjZcdN95yYSzO857kr0VfQewmGpS77nqA==}
    dev: false

  /@vue/reactivity@3.1.5:
    resolution: {integrity: sha512-1tdfLmNjWG6t/CsPldh+foumYFo3cpyCHgBYQ34ylaMsJ+SNHQ1kApMIa8jN+i593zQuaw3AdWH0nJTARzCFhg==}
    dependencies:
      '@vue/shared': 3.1.5
    dev: false

  /@vue/shared@3.1.5:
    resolution: {integrity: sha512-oJ4F3TnvpXaQwZJNF3ZK+kLPHKarDmJjJ6jyzVNDKH9md1dptjC7lWR//jrGuLdek/U6iltWxqAnYOu8gCiOvA==}
    dev: false

  /alpinejs@3.13.5:
    resolution: {integrity: sha512-1d2XeNGN+Zn7j4mUAKXtAgdc4/rLeadyTMWeJGXF5DzwawPBxwTiBhFFm6w/Ei8eJxUZeyNWWSD9zknfdz1kEw==}
    dependencies:
      '@vue/reactivity': 3.1.5
    dev: false

  /dropzone@6.0.0-beta.2:
    resolution: {integrity: sha512-k44yLuFFhRk53M8zP71FaaNzJYIzr99SKmpbO/oZKNslDjNXQsBTdfLs+iONd0U0L94zzlFzRnFdqbLcs7h9fQ==}
    dependencies:
      '@swc/helpers': 0.2.14
      just-extend: 5.1.1
    dev: false

  /flatpickr@4.6.13:
    resolution: {integrity: sha512-97PMG/aywoYpB4IvbvUJi0RQi8vearvU0oov1WW3k0WZPBMrTQVqekSX5CjSG/M4Q3i6A/0FKXC7RyAoAUUSPw==}
    dev: false

  /just-extend@5.1.1:
    resolution: {integrity: sha512-b+z6yF1d4EOyDgylzQo5IminlUmzSeqR1hs/bzjBNjuGras4FXq/6TrzjxfN0j+TmI0ltJzTNlqXUMCniciwKQ==}
    dev: false

  /nouislider@15.7.1:
    resolution: {integrity: sha512-5N7C1ru/i8y3dg9+Z6ilj6+m1EfabvOoaRa7ztpxBSKKRZso4vA52DGSbBJjw5XLtFr/LZ9SgGAXqyVtlVHO5w==}
    dev: false
